// !$*UTF8*$!
{
	archiveVersion = 1;
	classes = {
	};
	objectVersion = 48;
	objects = {

/* Begin PBXBuildFile section */
		D3A02A7C204EEE6D002C5C07 /* AppDelegate.m in Sources */ = {isa = PBXBuildFile; fileRef = D3A02A7B204EEE6D002C5C07 /* AppDelegate.m */; };
		D3A02A7E204EEE6D002C5C07 /* Assets.xcassets in Resources */ = {isa = PBXBuildFile; fileRef = D3A02A7D204EEE6D002C5C07 /* Assets.xcassets */; };
		D3A02A81204EEE6E002C5C07 /* MainMenu.xib in Resources */ = {isa = PBXBuildFile; fileRef = D3A02A7F204EEE6E002C5C07 /* MainMenu.xib */; };
		D3A02A84204EEE6E002C5C07 /* main.m in Sources */ = {isa = PBXBuildFile; fileRef = D3A02A83204EEE6E002C5C07 /* main.m */; };
/* End PBXBuildFile section */

/* Begin PBXFileReference section */
		D3A02A77204EEE6D002C5C07 /* ZMBaseLearn.app */ = {isa = PBXFileReference; explicitFileType = wrapper.application; includeInIndex = 0; path = ZMBaseLearn.app; sourceTree = BUILT_PRODUCTS_DIR; };
		D3A02A7A204EEE6D002C5C07 /* AppDelegate.h */ = {isa = PBXFileReference; lastKnownFileType = sourcecode.c.h; path = AppDelegate.h; sourceTree = "<group>"; };
		D3A02A7B204EEE6D002C5C07 /* AppDelegate.m */ = {isa = PBXFileReference; lastKnownFileType = sourcecode.c.objc; path = AppDelegate.m; sourceTree = "<group>"; };
		D3A02A7D204EEE6D002C5C07 /* Assets.xcassets */ = {isa = PBXFileReference; lastKnownFileType = folder.assetcatalog; path = Assets.xcassets; sourceTree = "<group>"; };
		D3A02A80204EEE6E002C5C07 /* Base */ = {isa = PBXFileReference; lastKnownFileType = file.xib; name = Base; path = Base.lproj/MainMenu.xib; sourceTree = "<group>"; };
		D3A02A82204EEE6E002C5C07 /* Info.plist */ = {isa = PBXFileReference; lastKnownFileType = text.plist.xml; path = Info.plist; sourceTree = "<group>"; };
		D3A02A83204EEE6E002C5C07 /* main.m */ = {isa = PBXFileReference; lastKnownFileType = sourcecode.c.objc; path = main.m; sourceTree = "<group>"; };
		D3A02A85204EEE6E002C5C07 /* ZMBaseLearn.entitlements */ = {isa = PBXFileReference; lastKnownFileType = text.plist.entitlements; path = ZMBaseLearn.entitlements; sourceTree = "<group>"; };
/* End PBXFileReference section */

/* Begin PBXFrameworksBuildPhase section */
		D3A02A74204EEE6D002C5C07 /* Frameworks */ = {
			isa = PBXFrameworksBuildPhase;
			buildActionMask = 2147483647;
			files = (
			);
			runOnlyForDeploymentPostprocessing = 0;
		};
/* End PBXFrameworksBuildPhase section */

/* Begin PBXGroup section */
		D3A02A6E204EEE6D002C5C07 = {
			isa = PBXGroup;
			children = (
				D3A02A79204EEE6D002C5C07 /* ZMBaseLearn */,
				D3A02A78204EEE6D002C5C07 /* Products */,
			);
			sourceTree = "<group>";
		};
		D3A02A78204EEE6D002C5C07 /* Products */ = {
			isa = PBXGroup;
			children = (
				D3A02A77204EEE6D002C5C07 /* ZMBaseLearn.app */,
			);
			name = Products;
			sourceTree = "<group>";
		};
		D3A02A79204EEE6D002C5C07 /* ZMBaseLearn */ = {
			isa = PBXGroup;
			children = (
				D3A02A7A204EEE6D002C5C07 /* AppDelegate.h */,
				D3A02A7B204EEE6D002C5C07 /* AppDelegate.m */,
				D3A02A7D204EEE6D002C5C07 /* Assets.xcassets */,
				D3A02A7F204EEE6E002C5C07 /* MainMenu.xib */,
				D3A02A82204EEE6E002C5C07 /* Info.plist */,
				D3A02A83204EEE6E002C5C07 /* main.m */,
				D3A02A85204EEE6E002C5C07 /* ZMBaseLearn.entitlements */,
			);
			path = ZMBaseLearn;
			sourceTree = "<group>";
		};
/* End PBXGroup section */

/* Begin PBXNativeTarget section */
		D3A02A76204EEE6D002C5C07 /* ZMBaseLearn */ = {
			isa = PBXNativeTarget;
			buildConfigurationList = D3A02A88204EEE6E002C5C07 /* Build configuration list for PBXNativeTarget "ZMBaseLearn" */;
			buildPhases = (
				D3A02A73204EEE6D002C5C07 /* Sources */,
				D3A02A74204EEE6D002C5C07 /* Frameworks */,
				D3A02A75204EEE6D002C5C07 /* Resources */,
			);
			buildRules = (
			);
			dependencies = (
			);
			name = ZMBaseLearn;
			productName = ZMBaseLearn;
			productReference = D3A02A77204EEE6D002C5C07 /* ZMBaseLearn.app */;
			productType = "com.apple.product-type.application";
		};
/* End PBXNativeTarget section */

/* Begin PBXProject section */
		D3A02A6F204EEE6D002C5C07 /* Project object */ = {
			isa = PBXProject;
			attributes = {
				LastUpgradeCheck = 0920;
				ORGANIZATIONNAME = zm;
				TargetAttributes = {
					D3A02A76204EEE6D002C5C07 = {
						CreatedOnToolsVersion = 9.2;
						ProvisioningStyle = Automatic;
					};
				};
			};
			buildConfigurationList = D3A02A72204EEE6D002C5C07 /* Build configuration list for PBXProject "ZMBaseLearn" */;
			compatibilityVersion = "Xcode 8.0";
			developmentRegion = en;
			hasScannedForEncodings = 0;
			knownRegions = (
				en,
				Base,
			);
			mainGroup = D3A02A6E204EEE6D002C5C07;
			productRefGroup = D3A02A78204EEE6D002C5C07 /* Products */;
			projectDirPath = "";
			projectRoot = "";
			targets = (
				D3A02A76204EEE6D002C5C07 /* ZMBaseLearn */,
			);
		};
/* End PBXProject section */

/* Begin PBXResourcesBuildPhase section */
		D3A02A75204EEE6D002C5C07 /* Resources */ = {
			isa = PBXResourcesBuildPhase;
			buildActionMask = 2147483647;
			files = (
				D3A02A7E204EEE6D002C5C07 /* Assets.xcassets in Resources */,
				D3A02A81204EEE6E002C5C07 /* MainMenu.xib in Resources */,
			);
			runOnlyForDeploymentPostprocessing = 0;
		};
/* End PBXResourcesBuildPhase section */

/* Begin PBXSourcesBuildPhase section */
		D3A02A73204EEE6D002C5C07 /* Sources */ = {
			isa = PBXSourcesBuildPhase;
			buildActionMask = 2147483647;
			files = (
				D3A02A84204EEE6E002C5C07 /* main.m in Sources */,
				D3A02A7C204EEE6D002C5C07 /* AppDelegate.m in Sources */,
			);
			runOnlyForDeploymentPostprocessing = 0;
		};
/* End PBXSourcesBuildPhase section */

/* Begin PBXVariantGroup section */
		D3A02A7F204EEE6E002C5C07 /* MainMenu.xib */ = {
			isa = PBXVariantGroup;
			children = (
				D3A02A80204EEE6E002C5C07 /* Base */,
			);
			name = MainMenu.xib;
			sourceTree = "<group>";
		};
/* End PBXVariantGroup section */

/* Begin XCBuildConfiguration section */
		D3A02A86204EEE6E002C5C07 /* Debug */ = {
			isa = XCBuildConfiguration;
			buildSettings = {
				ALWAYS_SEARCH_USER_PATHS = NO;
				CLANG_ANALYZER_NONNULL = YES;
				CLANG_ANALYZER_NUMBER_OBJECT_CONVERSION = YES_AGGRESSIVE;
				CLANG_CXX_LANGUAGE_STANDARD = "gnu++14";
				CLANG_CXX_LIBRARY = "libc++";
				CLANG_ENABLE_MODULES = YES;
				CLANG_ENABLE_OBJC_ARC = YES;
				CLANG_WARN_BLOCK_CAPTURE_AUTORELEASING = YES;
				CLANG_WARN_BOOL_CONVERSION = YES;
				CLANG_WARN_COMMA = YES;
				CLANG_WARN_CONSTANT_CONVERSION = YES;
				CLANG_WARN_DIRECT_OBJC_ISA_USAGE = YES_ERROR;
				CLANG_WARN_DOCUMENTATION_COMMENTS = YES;
				CLANG_WARN_EMPTY_BODY = YES;
				CLANG_WARN_ENUM_CONVERSION = YES;
				CLANG_WARN_INFINITE_RECURSION = YES;
				CLANG_WARN_INT_CONVERSION = YES;
				CLANG_WARN_NON_LITERAL_NULL_CONVERSION = YES;
				CLANG_WARN_OBJC_LITERAL_CONVERSION = YES;
				CLANG_WARN_OBJC_ROOT_CLASS = YES_ERROR;
				CLANG_WARN_RANGE_LOOP_ANALYSIS = YES;
				CLANG_WARN_STRICT_PROTOTYPES = YES;
				CLANG_WARN_SUSPICIOUS_MOVE = YES;
				CLANG_WARN_UNGUARDED_AVAILABILITY = YES_AGGRESSIVE;
				CLANG_WARN_UNREACHABLE_CODE = YES;
				CLANG_WARN__DUPLICATE_METHOD_MATCH = YES;
				CODE_SIGN_IDENTITY = "-";
				COPY_PHASE_STRIP = NO;
				DEBUG_INFORMATION_FORMAT = dwarf;
				ENABLE_STRICT_OBJC_MSGSEND = YES;
				ENABLE_TESTABILITY = YES;
				GCC_C_LANGUAGE_STANDARD = gnu11;
				GCC_DYNAMIC_NO_PIC = NO;
				GCC_NO_COMMON_BLOCKS = YES;
				GCC_OPTIMIZATION_LEVEL = 0;
				GCC_PREPROCESSOR_DEFINITIONS = (
					"DEBUG=1",
					"$(inherited)",
				);
				GCC_WARN_64_TO_32_BIT_CONVERSION = YES;
				GCC_WARN_ABOUT_RETURN_TYPE = YES_ERROR;
				GCC_WARN_UNDECLARED_SELECTOR = YES;
				GCC_WARN_UNINITIALIZED_AUTOS = YES_AGGRESSIVE;
				GCC_WARN_UNUSED_FUNCTION = YES;
				GCC_WARN_UNUSED_VARIABLE = YES;
				MACOSX_DEPLOYMENT_TARGET = 10.13;
				MTL_ENABLE_DEBUG_INFO = YES;
				ONLY_ACTIVE_ARCH = YES;
				SDKROOT = macosx;
			};
			name = Debug;
		};
		D3A02A87204EEE6E002C5C07 /* Release */ = {
			isa = XCBuildConfiguration;
			buildSettings = {
				ALWAYS_SEARCH_USER_PATHS = NO;
				CLANG_ANALYZER_NONNULL = YES;
				CLANG_ANALYZER_NUMBER_OBJECT_CONVERSION = YES_AGGRESSIVE;
				CLANG_CXX_LANGUAGE_STANDARD = "gnu++14";
				CLANG_CXX_LIBRARY = "libc++";
				CLANG_ENABLE_MODULES = YES;
				CLANG_ENABLE_OBJC_ARC = YES;
				CLANG_WARN_BLOCK_CAPTURE_AUTORELEASING = YES;
				CLANG_WARN_BOOL_CONVERSION = YES;
				CLANG_WARN_COMMA = YES;
				CLANG_WARN_CONSTANT_CONVERSION = YES;
				CLANG_WARN_DIRECT_OBJC_ISA_USAGE = YES_ERROR;
				CLANG_WARN_DOCUMENTATION_COMMENTS = YES;
				CLANG_WARN_EMPTY_BODY = YES;
				CLANG_WARN_ENUM_CONVERSION = YES;
				CLANG_WARN_INFINITE_RECURSION = YES;
				CLANG_WARN_INT_CONVERSION = YES;
				CLANG_WARN_NON_LITERAL_NULL_CONVERSION = YES;
				CLANG_WARN_OBJC_LITERAL_CONVERSION = YES;
				CLANG_WARN_OBJC_ROOT_CLASS = YES_ERROR;
				CLANG_WARN_RANGE_LOOP_ANALYSIS = YES;
				CLANG_WARN_STRICT_PROTOTYPES = YES;
				CLANG_WARN_SUSPICIOUS_MOVE = YES;
				CLANG_WARN_UNGUARDED_AVAILABILITY = YES_AGGRESSIVE;
				CLANG_WARN_UNREACHABLE_CODE = YES;
				CLANG_WARN__DUPLICATE_METHOD_MATCH = YES;
				CODE_SIGN_IDENTITY = "-";
				COPY_PHASE_STRIP = NO;
				DEBUG_INFORMATION_FORMAT = "dwarf-with-dsym";
				ENABLE_NS_ASSERTIONS = NO;
				ENABLE_STRICT_OBJC_MSGSEND = YES;
				GCC_C_LANGUAGE_STANDARD = gnu11;
				GCC_NO_COMMON_BLOCKS = YES;
				GCC_WARN_64_TO_32_BIT_CONVERSION = YES;
				GCC_WARN_ABOUT_RETURN_TYPE = YES_ERROR;
				GCC_WARN_UNDECLARED_SELECTOR = YES;
				GCC_WARN_UNINITIALIZED_AUTOS = YES_AGGRESSIVE;
				GCC_WARN_UNUSED_FUNCTION = YES;
				GCC_WARN_UNUSED_VARIABLE = YES;
				MACOSX_DEPLOYMENT_TARGET = 10.13;
				MTL_ENABLE_DEBUG_INFO = NO;
				SDKROOT = macosx;
			};
			name = Release;
		};
		D3A02A89204EEE6E002C5C07 /* Debug */ = {
			isa = XCBuildConfiguration;
			buildSettings = {
				ASSETCATALOG_COMPILER_APPICON_NAME = AppIcon;
				CODE_SIGN_ENTITLEMENTS = ZMBaseLearn/ZMBaseLearn.entitlements;
				CODE_SIGN_STYLE = Automatic;
				COMBINE_HIDPI_IMAGES = YES;
				INFOPLIST_FILE = ZMBaseLearn/Info.plist;
				LD_RUNPATH_SEARCH_PATHS = "$(inherited) @executable_path/../Frameworks";
				PRODUCT_BUNDLE_IDENTIFIER = zm.ZMBaseLearn;
				PRODUCT_NAME = "$(TARGET_NAME)";
			};
			name = Debug;
		};
		D3A02A8A204EEE6E002C5C07 /* Release */ = {
			isa = XCBuildConfiguration;
			buildSettings = {
				ASSETCATALOG_COMPILER_APPICON_NAME = AppIcon;
				CODE_SIGN_ENTITLEMENTS = ZMBaseLearn/ZMBaseLearn.entitlements;
				CODE_SIGN_STYLE = Automatic;
				COMBINE_HIDPI_IMAGES = YES;
				INFOPLIST_FILE = ZMBaseLearn/Info.plist;
				LD_RUNPATH_SEARCH_PATHS = "$(inherited) @executable_path/../Frameworks";
				PRODUCT_BUNDLE_IDENTIFIER = zm.ZMBaseLearn;
				PRODUCT_NAME = "$(TARGET_NAME)";
			};
			name = Release;
		};
/* End XCBuildConfiguration section */

/* Begin XCConfigurationList section */
		D3A02A72204EEE6D002C5C07 /* Build configuration list for PBXProject "ZMBaseLearn" */ = {
			isa = XCConfigurationList;
			buildConfigurations = (
				D3A02A86204EEE6E002C5C07 /* Debug */,
				D3A02A87204EEE6E002C5C07 /* Release */,
			);
			defaultConfigurationIsVisible = 0;
			defaultConfigurationName = Release;
		};
		D3A02A88204EEE6E002C5C07 /* Build configuration list for PBXNativeTarget "ZMBaseLearn" */ = {
			isa = XCConfigurationList;
			buildConfigurations = (
				D3A02A89204EEE6E002C5C07 /* Debug */,
				D3A02A8A204EEE6E002C5C07 /* Release */,
			);
			defaultConfigurationIsVisible = 0;
			defaultConfigurationName = Release;
		};
/* End XCConfigurationList section */
	};
	rootObject = D3A02A6F204EEE6D002C5C07 /* Project object */;
}
